
Microsoft Visual Studio Solution File, Format Version 12.00
# Visual Studio Version 17
VisualStudioVersion = 17.2.32526.322
MinimumVisualStudioVersion = 10.0.40219.1
Project("{FAE04EC0-301F-11D3-BF4B-00C04F79EFBC}") = "startCsharp", "startCsharp\startCsharp.csproj", "{0847498B-D393-47E3-9679-AFA6DB1C7974}"
EndProject
Global
	GlobalSection(SolutionConfigurationPlatforms) = preSolution
		Debug|Any CPU = Debug|Any CPU
		Release|Any CPU = Release|Any CPU
	EndGlobalSection
	GlobalSection(ProjectConfigurationPlatforms) = postSolution
		{0847498B-D393-47E3-9679-AFA6DB1C7974}.Debug|Any CPU.ActiveCfg = Debug|Any CPU
		{0847498B-D393-47E3-9679-AFA6DB1C7974}.Debug|Any CPU.Build.0 = Debug|Any CPU
		{0847498B-D393-47E3-9679-AFA6DB1C7974}.Release|Any CPU.ActiveCfg = Release|Any CPU
		{0847498B-D393-47E3-9679-AFA6DB1C7974}.Release|Any CPU.Build.0 = Release|Any CPU
	EndGlobalSection
	GlobalSection(SolutionProperties) = preSolution
		HideSolutionNode = FALSE
	EndGlobalSection
	GlobalSection(ExtensibilityGlobals) = postSolution
		SolutionGuid = {E7DB9311-EA99-43A3-BB26-CC46D4628EC2}
	EndGlobalSection
EndGlobal
